// !$*UTF8*$!
{
	archiveVersion = 1;
	classes = {
	};
	objectVersion = 56;
	objects = {

/* Begin PBXBuildFile section */
		FE645DE92AF264E50035A188 /* CombineSwiftConnectExampleApp.swift in Sources */ = {isa = PBXBuildFile; fileRef = FE645DE82AF264E50035A188 /* CombineSwiftConnectExampleApp.swift */; };
		FE645DEB2AF264E50035A188 /* ContentView.swift in Sources */ = {isa = PBXBuildFile; fileRef = FE645DEA2AF264E50035A188 /* ContentView.swift */; };
		FE645DED2AF264E70035A188 /* Assets.xcassets in Resources */ = {isa = PBXBuildFile; fileRef = FE645DEC2AF264E70035A188 /* Assets.xcassets */; };
		FE645DF02AF264E70035A188 /* Preview Assets.xcassets in Resources */ = {isa = PBXBuildFile; fileRef = FE645DEF2AF264E70035A188 /* Preview Assets.xcassets */; };
		FE645DF92AF2656C0035A188 /* APIClient.swift in Sources */ = {isa = PBXBuildFile; fileRef = FE645DF82AF2656C0035A188 /* APIClient.swift */; };
		FE645DFB2AF267B70035A188 /* CustomError.swift in Sources */ = {isa = PBXBuildFile; fileRef = FE645DFA2AF267B70035A188 /* CustomError.swift */; };
		FE645DFE2AF269970035A188 /* CombineSwiftConnect in Frameworks */ = {isa = PBXBuildFile; productRef = FE645DFD2AF269970035A188 /* CombineSwiftConnect */; };
		FE645E002AF26BEC0035A188 /* PokemonResult.swift in Sources */ = {isa = PBXBuildFile; fileRef = FE645DFF2AF26BEC0035A188 /* PokemonResult.swift */; };
/* End PBXBuildFile section */

/* Begin PBXFileReference section */
		FE645DE52AF264E50035A188 /* CombineSwiftConnectExample.app */ = {isa = PBXFileReference; explicitFileType = wrapper.application; includeInIndex = 0; path = CombineSwiftConnectExample.app; sourceTree = BUILT_PRODUCTS_DIR; };
		FE645DE82AF264E50035A188 /* CombineSwiftConnectExampleApp.swift */ = {isa = PBXFileReference; lastKnownFileType = sourcecode.swift; path = CombineSwiftConnectExampleApp.swift; sourceTree = "<group>"; };
		FE645DEA2AF264E50035A188 /* ContentView.swift */ = {isa = PBXFileReference; lastKnownFileType = sourcecode.swift; path = ContentView.swift; sourceTree = "<group>"; };
		FE645DEC2AF264E70035A188 /* Assets.xcassets */ = {isa = PBXFileReference; lastKnownFileType = folder.assetcatalog; path = Assets.xcassets; sourceTree = "<group>"; };
		FE645DEF2AF264E70035A188 /* Preview Assets.xcassets */ = {isa = PBXFileReference; lastKnownFileType = folder.assetcatalog; path = "Preview Assets.xcassets"; sourceTree = "<group>"; };
		FE645DF82AF2656C0035A188 /* APIClient.swift */ = {isa = PBXFileReference; lastKnownFileType = sourcecode.swift; path = APIClient.swift; sourceTree = "<group>"; };
		FE645DFA2AF267B70035A188 /* CustomError.swift */ = {isa = PBXFileReference; fileEncoding = 4; lastKnownFileType = sourcecode.swift; path = CustomError.swift; sourceTree = "<group>"; };
		FE645DFF2AF26BEC0035A188 /* PokemonResult.swift */ = {isa = PBXFileReference; lastKnownFileType = sourcecode.swift; path = PokemonResult.swift; sourceTree = "<group>"; };
		FEDA57B52AF2703D00FE6408 /* CombineSwiftConnect */ = {isa = PBXFileReference; lastKnownFileType = wrapper; name = CombineSwiftConnect; path = ..; sourceTree = "<group>"; };
/* End PBXFileReference section */

/* Begin PBXFrameworksBuildPhase section */
		FE645DE22AF264E50035A188 /* Frameworks */ = {
			isa = PBXFrameworksBuildPhase;
			buildActionMask = 2147483647;
			files = (
				FE645DFE2AF269970035A188 /* CombineSwiftConnect in Frameworks */,
			);
			runOnlyForDeploymentPostprocessing = 0;
		};
/* End PBXFrameworksBuildPhase section */

/* Begin PBXGroup section */
		FE645DDC2AF264E50035A188 = {
			isa = PBXGroup;
			children = (
				FE645DF62AF265100035A188 /* Packages */,
				FE645DE72AF264E50035A188 /* CombineSwiftConnectExample */,
				FE645DE62AF264E50035A188 /* Products */,
				FE645DFC2AF269970035A188 /* Frameworks */,
			);
			sourceTree = "<group>";
		};
		FE645DE62AF264E50035A188 /* Products */ = {
			isa = PBXGroup;
			children = (
				FE645DE52AF264E50035A188 /* CombineSwiftConnectExample.app */,
			);
			name = Products;
			sourceTree = "<group>";
		};
		FE645DE72AF264E50035A188 /* CombineSwiftConnectExample */ = {
			isa = PBXGroup;
			children = (
				FE645DE82AF264E50035A188 /* CombineSwiftConnectExampleApp.swift */,
				FE645DEA2AF264E50035A188 /* ContentView.swift */,
				FE645DEC2AF264E70035A188 /* Assets.xcassets */,
				FE645DEE2AF264E70035A188 /* Preview Content */,
				FE645DF82AF2656C0035A188 /* APIClient.swift */,
				FE645DFA2AF267B70035A188 /* CustomError.swift */,
				FE645DFF2AF26BEC0035A188 /* PokemonResult.swift */,
			);
			path = CombineSwiftConnectExample;
			sourceTree = "<group>";
		};
		FE645DEE2AF264E70035A188 /* Preview Content */ = {
			isa = PBXGroup;
			children = (
				FE645DEF2AF264E70035A188 /* Preview Assets.xcassets */,
			);
			path = "Preview Content";
			sourceTree = "<group>";
		};
		FE645DF62AF265100035A188 /* Packages */ = {
			isa = PBXGroup;
			children = (
				FEDA57B52AF2703D00FE6408 /* CombineSwiftConnect */,
			);
			name = Packages;
			sourceTree = "<group>";
		};
		FE645DFC2AF269970035A188 /* Frameworks */ = {
			isa = PBXGroup;
			children = (
			);
			name = Frameworks;
			sourceTree = "<group>";
		};
/* End PBXGroup section */

/* Begin PBXNativeTarget section */
		FE645DE42AF264E50035A188 /* CombineSwiftConnectExample */ = {
			isa = PBXNativeTarget;
			buildConfigurationList = FE645DF32AF264E70035A188 /* Build configuration list for PBXNativeTarget "CombineSwiftConnectExample" */;
			buildPhases = (
				FE645DE12AF264E50035A188 /* Sources */,
				FE645DE22AF264E50035A188 /* Frameworks */,
				FE645DE32AF264E50035A188 /* Resources */,
			);
			buildRules = (
			);
			dependencies = (
			);
			name = CombineSwiftConnectExample;
			packageProductDependencies = (
				FE645DFD2AF269970035A188 /* CombineSwiftConnect */,
			);
			productName = CombineSwiftConnectExample;
			productReference = FE645DE52AF264E50035A188 /* CombineSwiftConnectExample.app */;
			productType = "com.apple.product-type.application";
		};
/* End PBXNativeTarget section */

/* Begin PBXProject section */
		FE645DDD2AF264E50035A188 /* Project object */ = {
			isa = PBXProject;
			attributes = {
				BuildIndependentTargetsInParallel = 1;
				LastSwiftUpdateCheck = 1430;
				LastUpgradeCheck = 1430;
				TargetAttributes = {
					FE645DE42AF264E50035A188 = {
						CreatedOnToolsVersion = 14.3.1;
					};
				};
			};
			buildConfigurationList = FE645DE02AF264E50035A188 /* Build configuration list for PBXProject "CombineSwiftConnectExample" */;
			compatibilityVersion = "Xcode 14.0";
			developmentRegion = en;
			hasScannedForEncodings = 0;
			knownRegions = (
				en,
				Base,
			);
			mainGroup = FE645DDC2AF264E50035A188;
			productRefGroup = FE645DE62AF264E50035A188 /* Products */;
			projectDirPath = "";
			projectRoot = "";
			targets = (
				FE645DE42AF264E50035A188 /* CombineSwiftConnectExample */,
			);
		};
/* End PBXProject section */

/* Begin PBXResourcesBuildPhase section */
		FE645DE32AF264E50035A188 /* Resources */ = {
			isa = PBXResourcesBuildPhase;
			buildActionMask = 2147483647;
			files = (
				FE645DF02AF264E70035A188 /* Preview Assets.xcassets in Resources */,
				FE645DED2AF264E70035A188 /* Assets.xcassets in Resources */,
			);
			runOnlyForDeploymentPostprocessing = 0;
		};
/* End PBXResourcesBuildPhase section */

/* Begin PBXSourcesBuildPhase section */
		FE645DE12AF264E50035A188 /* Sources */ = {
			isa = PBXSourcesBuildPhase;
			buildActionMask = 2147483647;
			files = (
				FE645DEB2AF264E50035A188 /* ContentView.swift in Sources */,
				FE645E002AF26BEC0035A188 /* PokemonResult.swift in Sources */,
				FE645DFB2AF267B70035A188 /* CustomError.swift in Sources */,
				FE645DE92AF264E50035A188 /* CombineSwiftConnectExampleApp.swift in Sources */,
				FE645DF92AF2656C0035A188 /* APIClient.swift in Sources */,
			);
			runOnlyForDeploymentPostprocessing = 0;
		};
/* End PBXSourcesBuildPhase section */

/* Begin XCBuildConfiguration section */
		FE645DF12AF264E70035A188 /* Debug */ = {
			isa = XCBuildConfiguration;
			buildSettings = {
				ALWAYS_SEARCH_USER_PATHS = NO;
				CLANG_ANALYZER_NONNULL = YES;
				CLANG_ANALYZER_NUMBER_OBJECT_CONVERSION = YES_AGGRESSIVE;
				CLANG_CXX_LANGUAGE_STANDARD = "gnu++20";
				CLANG_ENABLE_MODULES = YES;
				CLANG_ENABLE_OBJC_ARC = YES;
				CLANG_ENABLE_OBJC_WEAK = YES;
				CLANG_WARN_BLOCK_CAPTURE_AUTORELEASING = YES;
				CLANG_WARN_BOOL_CONVERSION = YES;
				CLANG_WARN_COMMA = YES;
				CLANG_WARN_CONSTANT_CONVERSION = YES;
				CLANG_WARN_DEPRECATED_OBJC_IMPLEMENTATIONS = YES;
				CLANG_WARN_DIRECT_OBJC_ISA_USAGE = YES_ERROR;
				CLANG_WARN_DOCUMENTATION_COMMENTS = YES;
				CLANG_WARN_EMPTY_BODY = YES;
				CLANG_WARN_ENUM_CONVERSION = YES;
				CLANG_WARN_INFINITE_RECURSION = YES;
				CLANG_WARN_INT_CONVERSION = YES;
				CLANG_WARN_NON_LITERAL_NULL_CONVERSION = YES;
				CLANG_WARN_OBJC_IMPLICIT_RETAIN_SELF = YES;
				CLANG_WARN_OBJC_LITERAL_CONVERSION = YES;
				CLANG_WARN_OBJC_ROOT_CLASS = YES_ERROR;
				CLANG_WARN_QUOTED_INCLUDE_IN_FRAMEWORK_HEADER = YES;
				CLANG_WARN_RANGE_LOOP_ANALYSIS = YES;
				CLANG_WARN_STRICT_PROTOTYPES = YES;
				CLANG_WARN_SUSPICIOUS_MOVE = YES;
				CLANG_WARN_UNGUARDED_AVAILABILITY = YES_AGGRESSIVE;
				CLANG_WARN_UNREACHABLE_CODE = YES;
				CLANG_WARN__DUPLICATE_METHOD_MATCH = YES;
				COPY_PHASE_STRIP = NO;
				DEBUG_INFORMATION_FORMAT = dwarf;
				ENABLE_STRICT_OBJC_MSGSEND = YES;
				ENABLE_TESTABILITY = YES;
				GCC_C_LANGUAGE_STANDARD = gnu11;
				GCC_DYNAMIC_NO_PIC = NO;
				GCC_NO_COMMON_BLOCKS = YES;
				GCC_OPTIMIZATION_LEVEL = 0;
				GCC_PREPROCESSOR_DEFINITIONS = (
					"DEBUG=1",
					"$(inherited)",
				);
				GCC_WARN_64_TO_32_BIT_CONVERSION = YES;
				GCC_WARN_ABOUT_RETURN_TYPE = YES_ERROR;
				GCC_WARN_UNDECLARED_SELECTOR = YES;
				GCC_WARN_UNINITIALIZED_AUTOS = YES_AGGRESSIVE;
				GCC_WARN_UNUSED_FUNCTION = YES;
				GCC_WARN_UNUSED_VARIABLE = YES;
				IPHONEOS_DEPLOYMENT_TARGET = 16.4;
				MTL_ENABLE_DEBUG_INFO = INCLUDE_SOURCE;
				MTL_FAST_MATH = YES;
				ONLY_ACTIVE_ARCH = YES;
				SDKROOT = iphoneos;
				SWIFT_ACTIVE_COMPILATION_CONDITIONS = DEBUG;
				SWIFT_OPTIMIZATION_LEVEL = "-Onone";
			};
			name = Debug;
		};
		FE645DF22AF264E70035A188 /* Release */ = {
			isa = XCBuildConfiguration;
			buildSettings = {
				ALWAYS_SEARCH_USER_PATHS = NO;
				CLANG_ANALYZER_NONNULL = YES;
				CLANG_ANALYZER_NUMBER_OBJECT_CONVERSION = YES_AGGRESSIVE;
				CLANG_CXX_LANGUAGE_STANDARD = "gnu++20";
				CLANG_ENABLE_MODULES = YES;
				CLANG_ENABLE_OBJC_ARC = YES;
				CLANG_ENABLE_OBJC_WEAK = YES;
				CLANG_WARN_BLOCK_CAPTURE_AUTORELEASING = YES;
				CLANG_WARN_BOOL_CONVERSION = YES;
				CLANG_WARN_COMMA = YES;
				CLANG_WARN_CONSTANT_CONVERSION = YES;
				CLANG_WARN_DEPRECATED_OBJC_IMPLEMENTATIONS = YES;
				CLANG_WARN_DIRECT_OBJC_ISA_USAGE = YES_ERROR;
				CLANG_WARN_DOCUMENTATION_COMMENTS = YES;
				CLANG_WARN_EMPTY_BODY = YES;
				CLANG_WARN_ENUM_CONVERSION = YES;
				CLANG_WARN_INFINITE_RECURSION = YES;
				CLANG_WARN_INT_CONVERSION = YES;
				CLANG_WARN_NON_LITERAL_NULL_CONVERSION = YES;
				CLANG_WARN_OBJC_IMPLICIT_RETAIN_SELF = YES;
				CLANG_WARN_OBJC_LITERAL_CONVERSION = YES;
				CLANG_WARN_OBJC_ROOT_CLASS = YES_ERROR;
				CLANG_WARN_QUOTED_INCLUDE_IN_FRAMEWORK_HEADER = YES;
				CLANG_WARN_RANGE_LOOP_ANALYSIS = YES;
				CLANG_WARN_STRICT_PROTOTYPES = YES;
				CLANG_WARN_SUSPICIOUS_MOVE = YES;
				CLANG_WARN_UNGUARDED_AVAILABILITY = YES_AGGRESSIVE;
				CLANG_WARN_UNREACHABLE_CODE = YES;
				CLANG_WARN__DUPLICATE_METHOD_MATCH = YES;
				COPY_PHASE_STRIP = NO;
				DEBUG_INFORMATION_FORMAT = "dwarf-with-dsym";
				ENABLE_NS_ASSERTIONS = NO;
				ENABLE_STRICT_OBJC_MSGSEND = YES;
				GCC_C_LANGUAGE_STANDARD = gnu11;
				GCC_NO_COMMON_BLOCKS = YES;
				GCC_WARN_64_TO_32_BIT_CONVERSION = YES;
				GCC_WARN_ABOUT_RETURN_TYPE = YES_ERROR;
				GCC_WARN_UNDECLARED_SELECTOR = YES;
				GCC_WARN_UNINITIALIZED_AUTOS = YES_AGGRESSIVE;
				GCC_WARN_UNUSED_FUNCTION = YES;
				GCC_WARN_UNUSED_VARIABLE = YES;
				IPHONEOS_DEPLOYMENT_TARGET = 16.4;
				MTL_ENABLE_DEBUG_INFO = NO;
				MTL_FAST_MATH = YES;
				SDKROOT = iphoneos;
				SWIFT_COMPILATION_MODE = wholemodule;
				SWIFT_OPTIMIZATION_LEVEL = "-O";
				VALIDATE_PRODUCT = YES;
			};
			name = Release;
		};
		FE645DF42AF264E70035A188 /* Debug */ = {
			isa = XCBuildConfiguration;
			buildSettings = {
				ASSETCATALOG_COMPILER_APPICON_NAME = AppIcon;
				ASSETCATALOG_COMPILER_GLOBAL_ACCENT_COLOR_NAME = AccentColor;
				CODE_SIGN_STYLE = Automatic;
				CURRENT_PROJECT_VERSION = 1;
				DEVELOPMENT_ASSET_PATHS = "\"CombineSwiftConnectExample/Preview Content\"";
				DEVELOPMENT_TEAM = DQXVMM94CM;
				ENABLE_PREVIEWS = YES;
				GENERATE_INFOPLIST_FILE = YES;
				INFOPLIST_KEY_UIApplicationSceneManifest_Generation = YES;
				INFOPLIST_KEY_UIApplicationSupportsIndirectInputEvents = YES;
				INFOPLIST_KEY_UILaunchScreen_Generation = YES;
				INFOPLIST_KEY_UISupportedInterfaceOrientations_iPad = "UIInterfaceOrientationPortrait UIInterfaceOrientationPortraitUpsideDown UIInterfaceOrientationLandscapeLeft UIInterfaceOrientationLandscapeRight";
				INFOPLIST_KEY_UISupportedInterfaceOrientations_iPhone = "UIInterfaceOrientationPortrait UIInterfaceOrientationLandscapeLeft UIInterfaceOrientationLandscapeRight";
				LD_RUNPATH_SEARCH_PATHS = (
					"$(inherited)",
					"@executable_path/Frameworks",
				);
				MARKETING_VERSION = 1.0;
				PRODUCT_BUNDLE_IDENTIFIER = com.megazy.CombineSwiftConnectExample;
				PRODUCT_NAME = "$(TARGET_NAME)";
				SWIFT_EMIT_LOC_STRINGS = YES;
				SWIFT_VERSION = 5.0;
				TARGETED_DEVICE_FAMILY = "1,2";
			};
			name = Debug;
		};
		FE645DF52AF264E70035A188 /* Release */ = {
			isa = XCBuildConfiguration;
			buildSettings = {
				ASSETCATALOG_COMPILER_APPICON_NAME = AppIcon;
				ASSETCATALOG_COMPILER_GLOBAL_ACCENT_COLOR_NAME = AccentColor;
				CODE_SIGN_STYLE = Automatic;
				CURRENT_PROJECT_VERSION = 1;
				DEVELOPMENT_ASSET_PATHS = "\"CombineSwiftConnectExample/Preview Content\"";
				DEVELOPMENT_TEAM = DQXVMM94CM;
				ENABLE_PREVIEWS = YES;
				GENERATE_INFOPLIST_FILE = YES;
				INFOPLIST_KEY_UIApplicationSceneManifest_Generation = YES;
				INFOPLIST_KEY_UIApplicationSupportsIndirectInputEvents = YES;
				INFOPLIST_KEY_UILaunchScreen_Generation = YES;
				INFOPLIST_KEY_UISupportedInterfaceOrientations_iPad = "UIInterfaceOrientationPortrait UIInterfaceOrientationPortraitUpsideDown UIInterfaceOrientationLandscapeLeft UIInterfaceOrientationLandscapeRight";
				INFOPLIST_KEY_UISupportedInterfaceOrientations_iPhone = "UIInterfaceOrientationPortrait UIInterfaceOrientationLandscapeLeft UIInterfaceOrientationLandscapeRight";
				LD_RUNPATH_SEARCH_PATHS = (
					"$(inherited)",
					"@executable_path/Frameworks",
				);
				MARKETING_VERSION = 1.0;
				PRODUCT_BUNDLE_IDENTIFIER = com.megazy.CombineSwiftConnectExample;
				PRODUCT_NAME = "$(TARGET_NAME)";
				SWIFT_EMIT_LOC_STRINGS = YES;
				SWIFT_VERSION = 5.0;
				TARGETED_DEVICE_FAMILY = "1,2";
			};
			name = Release;
		};
/* End XCBuildConfiguration section */

/* Begin XCConfigurationList section */
		FE645DE02AF264E50035A188 /* Build configuration list for PBXProject "CombineSwiftConnectExample" */ = {
			isa = XCConfigurationList;
			buildConfigurations = (
				FE645DF12AF264E70035A188 /* Debug */,
				FE645DF22AF264E70035A188 /* Release */,
			);
			defaultConfigurationIsVisible = 0;
			defaultConfigurationName = Release;
		};
		FE645DF32AF264E70035A188 /* Build configuration list for PBXNativeTarget "CombineSwiftConnectExample" */ = {
			isa = XCConfigurationList;
			buildConfigurations = (
				FE645DF42AF264E70035A188 /* Debug */,
				FE645DF52AF264E70035A188 /* Release */,
			);
			defaultConfigurationIsVisible = 0;
			defaultConfigurationName = Release;
		};
/* End XCConfigurationList section */

/* Begin XCSwiftPackageProductDependency section */
		FE645DFD2AF269970035A188 /* CombineSwiftConnect */ = {
			isa = XCSwiftPackageProductDependency;
			productName = CombineSwiftConnect;
		};
/* End XCSwiftPackageProductDependency section */
	};
	rootObject = FE645DDD2AF264E50035A188 /* Project object */;
}
